
Microsoft Visual Studio Solution File, Format Version 12.00
# Visual Studio 2012
Project("{9092AA53-FB77-4645-B42D-1CCCA6BD08BD}") = "Carttronics_Graph", "Carttronics_Graph.njsproj", "{EB7C242D-015F-4FEE-ADD9-ECC7D4A427AD}"
EndProject
Global
	GlobalSection(SolutionConfigurationPlatforms) = preSolution
		Debug|Any CPU = Debug|Any CPU
		Release|Any CPU = Release|Any CPU
	EndGlobalSection
	GlobalSection(ProjectConfigurationPlatforms) = postSolution
		{EB7C242D-015F-4FEE-ADD9-ECC7D4A427AD}.Debug|Any CPU.ActiveCfg = Debug|Any CPU
		{EB7C242D-015F-4FEE-ADD9-ECC7D4A427AD}.Debug|Any CPU.Build.0 = Debug|Any CPU
		{EB7C242D-015F-4FEE-ADD9-ECC7D4A427AD}.Release|Any CPU.ActiveCfg = Release|Any CPU
		{EB7C242D-015F-4FEE-ADD9-ECC7D4A427AD}.Release|Any CPU.Build.0 = Release|Any CPU
	EndGlobalSection
	GlobalSection(SolutionProperties) = preSolution
		HideSolutionNode = FALSE
	EndGlobalSection
EndGlobal
